
Microsoft Visual Studio Solution File, Format Version 12.00
# Visual Studio Version 17
VisualStudioVersion = 17.7.34202.233
MinimumVisualStudioVersion = 10.0.40219.1
Project("{9A19103F-16F7-4668-BE54-9A1E7A4F7556}") = "Taski_Website", "Taski_Website\Taski_Website.csproj", "{AA99135B-EBBA-4E53-8601-89A252EDC241}"
EndProject
Global
	GlobalSection(SolutionConfigurationPlatforms) = preSolution
		Debug|Any CPU = Debug|Any CPU
		Release|Any CPU = Release|Any CPU
	EndGlobalSection
	GlobalSection(ProjectConfigurationPlatforms) = postSolution
		{AA99135B-EBBA-4E53-8601-89A252EDC241}.Debug|Any CPU.ActiveCfg = Debug|Any CPU
		{AA99135B-EBBA-4E53-8601-89A252EDC241}.Debug|Any CPU.Build.0 = Debug|Any CPU
		{AA99135B-EBBA-4E53-8601-89A252EDC241}.Release|Any CPU.ActiveCfg = Release|Any CPU
		{AA99135B-EBBA-4E53-8601-89A252EDC241}.Release|Any CPU.Build.0 = Release|Any CPU
	EndGlobalSection
	GlobalSection(SolutionProperties) = preSolution
		HideSolutionNode = FALSE
	EndGlobalSection
	GlobalSection(ExtensibilityGlobals) = postSolution
		SolutionGuid = {4C352978-FD2D-482B-B05E-694EEBD2B01A}
	EndGlobalSection
EndGlobal
